
Microsoft Visual Studio Solution File, Format Version 12.00
Project("{FAE04EC0-301F-11D3-BF4B-00C04F79EFBC}") = "HelpfulThings.Connect.Scryfall", "HelpfulThings.Connect.Scryfall/HelpfulThings.Connect.Scryfall.csproj", "{6D544FC5-67E2-4620-A51D-6C2DC143E2CE}"
EndProject
Project("{FAE04EC0-301F-11D3-BF4B-00C04F79EFBC}") = "HelpfulThings.Connect.Scryfall.Tests.Live", "HelpfulThings.Connect.Scryfall.Tests.Live\HelpfulThings.Connect.Scryfall.Tests.Live.csproj", "{59CFF230-2CF2-4056-BE5D-924E4446D4BF}"
EndProject
Global
	GlobalSection(SolutionConfigurationPlatforms) = preSolution
		Debug|Any CPU = Debug|Any CPU
		Release|Any CPU = Release|Any CPU
	EndGlobalSection
	GlobalSection(ProjectConfigurationPlatforms) = postSolution
		{6D544FC5-67E2-4620-A51D-6C2DC143E2CE}.Debug|Any CPU.ActiveCfg = Debug|Any CPU
		{6D544FC5-67E2-4620-A51D-6C2DC143E2CE}.Debug|Any CPU.Build.0 = Debug|Any CPU
		{6D544FC5-67E2-4620-A51D-6C2DC143E2CE}.Release|Any CPU.ActiveCfg = Release|Any CPU
		{6D544FC5-67E2-4620-A51D-6C2DC143E2CE}.Release|Any CPU.Build.0 = Release|Any CPU
		{59CFF230-2CF2-4056-BE5D-924E4446D4BF}.Debug|Any CPU.ActiveCfg = Debug|Any CPU
		{59CFF230-2CF2-4056-BE5D-924E4446D4BF}.Debug|Any CPU.Build.0 = Debug|Any CPU
		{59CFF230-2CF2-4056-BE5D-924E4446D4BF}.Release|Any CPU.ActiveCfg = Release|Any CPU
		{59CFF230-2CF2-4056-BE5D-924E4446D4BF}.Release|Any CPU.Build.0 = Release|Any CPU
	EndGlobalSection
EndGlobal
